
Microsoft Visual Studio Solution File, Format Version 12.00
# Visual Studio Version 17
VisualStudioVersion = 17.12.35707.178
MinimumVisualStudioVersion = 10.0.40219.1
Project("{FAE04EC0-301F-11D3-BF4B-00C04F79EFBC}") = "nb", "nb.csproj", "{9F51A074-0C5D-428A-B44A-A8C57505941A}"
EndProject
Project("{FAE04EC0-301F-11D3-BF4B-00C04F79EFBC}") = "mcp-tester", "mcp-servers\mcp-tester\mcp-tester.csproj", "{A1B2C3D4-E5F6-7890-ABCD-EF1234567890}"
EndProject
Project("{FAE04EC0-301F-11D3-BF4B-00C04F79EFBC}") = "nb.Providers.AnthropicProvider", "Providers\Anthropic\nb.Providers.AnthropicProvider.csproj", "{C575C8E4-DCCD-467A-BF33-63E7FD36C3FD}"
EndProject
Project("{FAE04EC0-301F-11D3-BF4B-00C04F79EFBC}") = "nb.Providers.Abstractions", "Providers\nb.Providers.Abstractions\nb.Providers.Abstractions.csproj", "{D1E2F3A4-B5C6-7890-DCBA-FE9876543210}"
EndProject
Project("{FAE04EC0-301F-11D3-BF4B-00C04F79EFBC}") = "nb.Providers.AzureOpenAIProvider", "Providers\AzureOpenAI\nb.Providers.AzureOpenAIProvider.csproj", "{E2F3A4B5-C6D7-8901-EDCB-AF0987654321}"
EndProject
Project("{FAE04EC0-301F-11D3-BF4B-00C04F79EFBC}") = "nb.Providers.OpenAIProvider", "Providers\OpenAI\nb.Providers.OpenAIProvider.csproj", "{F3A4B5C6-D7E8-9012-FEDC-BA1098765432}"
EndProject
Project("{FAE04EC0-301F-11D3-BF4B-00C04F79EFBC}") = "nb.Providers.GeminiProvider", "Providers\Gemini\nb.Providers.GeminiProvider.csproj", "{A4B5C6D7-E8F9-0123-4567-89ABCDEF0123}"
EndProject
Project("{2150E333-8FDC-42A3-9474-1A3956D46DE8}") = "Providers", "Providers", "{C27C7AF2-88D1-4D36-BC01-A12236B47EF3}"
EndProject
Project("{FAE04EC0-301F-11D3-BF4B-00C04F79EFBC}") = "nb.Providers.MockProvider", "Providers\Mock\nb.Providers.MockProvider.csproj", "{2BB00562-A2BF-4B0E-AC09-BD6DBBE375BC}"
EndProject
Global
	GlobalSection(SolutionConfigurationPlatforms) = preSolution
		Debug|Any CPU = Debug|Any CPU
		Release|Any CPU = Release|Any CPU
	EndGlobalSection
	GlobalSection(ProjectConfigurationPlatforms) = postSolution
		{9F51A074-0C5D-428A-B44A-A8C57505941A}.Debug|Any CPU.ActiveCfg = Debug|Any CPU
		{9F51A074-0C5D-428A-B44A-A8C57505941A}.Debug|Any CPU.Build.0 = Debug|Any CPU
		{9F51A074-0C5D-428A-B44A-A8C57505941A}.Release|Any CPU.ActiveCfg = Release|Any CPU
		{9F51A074-0C5D-428A-B44A-A8C57505941A}.Release|Any CPU.Build.0 = Release|Any CPU
		{A1B2C3D4-E5F6-7890-ABCD-EF1234567890}.Debug|Any CPU.ActiveCfg = Debug|Any CPU
		{A1B2C3D4-E5F6-7890-ABCD-EF1234567890}.Debug|Any CPU.Build.0 = Debug|Any CPU
		{A1B2C3D4-E5F6-7890-ABCD-EF1234567890}.Release|Any CPU.ActiveCfg = Release|Any CPU
		{A1B2C3D4-E5F6-7890-ABCD-EF1234567890}.Release|Any CPU.Build.0 = Release|Any CPU
		{C575C8E4-DCCD-467A-BF33-63E7FD36C3FD}.Debug|Any CPU.ActiveCfg = Debug|Any CPU
		{C575C8E4-DCCD-467A-BF33-63E7FD36C3FD}.Debug|Any CPU.Build.0 = Debug|Any CPU
		{C575C8E4-DCCD-467A-BF33-63E7FD36C3FD}.Release|Any CPU.ActiveCfg = Release|Any CPU
		{C575C8E4-DCCD-467A-BF33-63E7FD36C3FD}.Release|Any CPU.Build.0 = Release|Any CPU
		{D1E2F3A4-B5C6-7890-DCBA-FE9876543210}.Debug|Any CPU.ActiveCfg = Debug|Any CPU
		{D1E2F3A4-B5C6-7890-DCBA-FE9876543210}.Debug|Any CPU.Build.0 = Debug|Any CPU
		{D1E2F3A4-B5C6-7890-DCBA-FE9876543210}.Release|Any CPU.ActiveCfg = Release|Any CPU
		{D1E2F3A4-B5C6-7890-DCBA-FE9876543210}.Release|Any CPU.Build.0 = Release|Any CPU
		{E2F3A4B5-C6D7-8901-EDCB-AF0987654321}.Debug|Any CPU.ActiveCfg = Debug|Any CPU
		{E2F3A4B5-C6D7-8901-EDCB-AF0987654321}.Debug|Any CPU.Build.0 = Debug|Any CPU
		{E2F3A4B5-C6D7-8901-EDCB-AF0987654321}.Release|Any CPU.ActiveCfg = Release|Any CPU
		{E2F3A4B5-C6D7-8901-EDCB-AF0987654321}.Release|Any CPU.Build.0 = Release|Any CPU
		{F3A4B5C6-D7E8-9012-FEDC-BA1098765432}.Debug|Any CPU.ActiveCfg = Debug|Any CPU
		{F3A4B5C6-D7E8-9012-FEDC-BA1098765432}.Debug|Any CPU.Build.0 = Debug|Any CPU
		{F3A4B5C6-D7E8-9012-FEDC-BA1098765432}.Release|Any CPU.ActiveCfg = Release|Any CPU
		{F3A4B5C6-D7E8-9012-FEDC-BA1098765432}.Release|Any CPU.Build.0 = Release|Any CPU
		{A4B5C6D7-E8F9-0123-4567-89ABCDEF0123}.Debug|Any CPU.ActiveCfg = Debug|Any CPU
		{A4B5C6D7-E8F9-0123-4567-89ABCDEF0123}.Debug|Any CPU.Build.0 = Debug|Any CPU
		{A4B5C6D7-E8F9-0123-4567-89ABCDEF0123}.Release|Any CPU.ActiveCfg = Release|Any CPU
		{A4B5C6D7-E8F9-0123-4567-89ABCDEF0123}.Release|Any CPU.Build.0 = Release|Any CPU
		{2BB00562-A2BF-4B0E-AC09-BD6DBBE375BC}.Debug|Any CPU.ActiveCfg = Debug|Any CPU
		{2BB00562-A2BF-4B0E-AC09-BD6DBBE375BC}.Debug|Any CPU.Build.0 = Debug|Any CPU
		{2BB00562-A2BF-4B0E-AC09-BD6DBBE375BC}.Release|Any CPU.ActiveCfg = Release|Any CPU
		{2BB00562-A2BF-4B0E-AC09-BD6DBBE375BC}.Release|Any CPU.Build.0 = Release|Any CPU
	EndGlobalSection
	GlobalSection(SolutionProperties) = preSolution
		HideSolutionNode = FALSE
	EndGlobalSection
	GlobalSection(NestedProjects) = preSolution
		{2BB00562-A2BF-4B0E-AC09-BD6DBBE375BC} = {C27C7AF2-88D1-4D36-BC01-A12236B47EF3}
	EndGlobalSection
EndGlobal
